
Microsoft Visual Studio Solution File, Format Version 12.00
# Visual Studio Version 17
VisualStudioVersion = 17.5.33627.172
MinimumVisualStudioVersion = 10.0.40219.1
Project("{FAE04EC0-301F-11D3-BF4B-00C04F79EFBC}") = "Ejercicio9", "Ejercicio9.csproj", "{E285279A-0ABE-4C5A-9FC7-307EC5DB1707}"
EndProject
Global
	GlobalSection(SolutionConfigurationPlatforms) = preSolution
		Debug|Any CPU = Debug|Any CPU
		Release|Any CPU = Release|Any CPU
	EndGlobalSection
	GlobalSection(ProjectConfigurationPlatforms) = postSolution
		{E285279A-0ABE-4C5A-9FC7-307EC5DB1707}.Debug|Any CPU.ActiveCfg = Debug|Any CPU
		{E285279A-0ABE-4C5A-9FC7-307EC5DB1707}.Debug|Any CPU.Build.0 = Debug|Any CPU
		{E285279A-0ABE-4C5A-9FC7-307EC5DB1707}.Release|Any CPU.ActiveCfg = Release|Any CPU
		{E285279A-0ABE-4C5A-9FC7-307EC5DB1707}.Release|Any CPU.Build.0 = Release|Any CPU
	EndGlobalSection
	GlobalSection(SolutionProperties) = preSolution
		HideSolutionNode = FALSE
	EndGlobalSection
	GlobalSection(ExtensibilityGlobals) = postSolution
		SolutionGuid = {34256B18-6CC3-4305-8335-52ACF7EEC6B5}
	EndGlobalSection
EndGlobal
