
Microsoft Visual Studio Solution File, Format Version 12.00
# Visual Studio Version 17
VisualStudioVersion = 17.5.33516.290
MinimumVisualStudioVersion = 10.0.40219.1
Project("{FAE04EC0-301F-11D3-BF4B-00C04F79EFBC}") = "FORIT", "FORIT.csproj", "{BE5745A8-1220-4F77-9072-B001DCC78421}"
EndProject
Global
	GlobalSection(SolutionConfigurationPlatforms) = preSolution
		Debug|Any CPU = Debug|Any CPU
		Release|Any CPU = Release|Any CPU
	EndGlobalSection
	GlobalSection(ProjectConfigurationPlatforms) = postSolution
		{BE5745A8-1220-4F77-9072-B001DCC78421}.Debug|Any CPU.ActiveCfg = Debug|Any CPU
		{BE5745A8-1220-4F77-9072-B001DCC78421}.Debug|Any CPU.Build.0 = Debug|Any CPU
		{BE5745A8-1220-4F77-9072-B001DCC78421}.Release|Any CPU.ActiveCfg = Release|Any CPU
		{BE5745A8-1220-4F77-9072-B001DCC78421}.Release|Any CPU.Build.0 = Release|Any CPU
	EndGlobalSection
	GlobalSection(SolutionProperties) = preSolution
		HideSolutionNode = FALSE
	EndGlobalSection
	GlobalSection(ExtensibilityGlobals) = postSolution
		SolutionGuid = {17C39E8D-9889-40C0-A67D-4DCBA8564A2E}
	EndGlobalSection
EndGlobal
