
Microsoft Visual Studio Solution File, Format Version 12.00
# Visual Studio Version 17
VisualStudioVersion = 17.5.33516.290
MinimumVisualStudioVersion = 10.0.40219.1
Project("{FAE04EC0-301F-11D3-BF4B-00C04F79EFBC}") = "WHILE", "WHILE.csproj", "{2BFE5665-4072-47A4-A008-438C1C582611}"
EndProject
Global
	GlobalSection(SolutionConfigurationPlatforms) = preSolution
		Debug|Any CPU = Debug|Any CPU
		Release|Any CPU = Release|Any CPU
	EndGlobalSection
	GlobalSection(ProjectConfigurationPlatforms) = postSolution
		{2BFE5665-4072-47A4-A008-438C1C582611}.Debug|Any CPU.ActiveCfg = Debug|Any CPU
		{2BFE5665-4072-47A4-A008-438C1C582611}.Debug|Any CPU.Build.0 = Debug|Any CPU
		{2BFE5665-4072-47A4-A008-438C1C582611}.Release|Any CPU.ActiveCfg = Release|Any CPU
		{2BFE5665-4072-47A4-A008-438C1C582611}.Release|Any CPU.Build.0 = Release|Any CPU
	EndGlobalSection
	GlobalSection(SolutionProperties) = preSolution
		HideSolutionNode = FALSE
	EndGlobalSection
	GlobalSection(ExtensibilityGlobals) = postSolution
		SolutionGuid = {7BDE1A58-1FFA-46A8-8309-2FC7E52F5D7D}
	EndGlobalSection
EndGlobal
