
Microsoft Visual Studio Solution File, Format Version 12.00
# Visual Studio Version 17
VisualStudioVersion = 17.5.33627.172
MinimumVisualStudioVersion = 10.0.40219.1
Project("{FAE04EC0-301F-11D3-BF4B-00C04F79EFBC}") = "Sobreescritura", "Sobreescritura.csproj", "{8344FA7D-C7D6-4E07-AAFB-EBCDB6A154DC}"
EndProject
Global
	GlobalSection(SolutionConfigurationPlatforms) = preSolution
		Debug|Any CPU = Debug|Any CPU
		Release|Any CPU = Release|Any CPU
	EndGlobalSection
	GlobalSection(ProjectConfigurationPlatforms) = postSolution
		{8344FA7D-C7D6-4E07-AAFB-EBCDB6A154DC}.Debug|Any CPU.ActiveCfg = Debug|Any CPU
		{8344FA7D-C7D6-4E07-AAFB-EBCDB6A154DC}.Debug|Any CPU.Build.0 = Debug|Any CPU
		{8344FA7D-C7D6-4E07-AAFB-EBCDB6A154DC}.Release|Any CPU.ActiveCfg = Release|Any CPU
		{8344FA7D-C7D6-4E07-AAFB-EBCDB6A154DC}.Release|Any CPU.Build.0 = Release|Any CPU
	EndGlobalSection
	GlobalSection(SolutionProperties) = preSolution
		HideSolutionNode = FALSE
	EndGlobalSection
	GlobalSection(ExtensibilityGlobals) = postSolution
		SolutionGuid = {2A0BD1E9-727A-420D-8415-F7DF418D0B31}
	EndGlobalSection
EndGlobal
